
Microsoft Visual Studio Solution File, Format Version 12.00
# Visual Studio Version 17
VisualStudioVersion = 17.13.36105.23 d17.13
MinimumVisualStudioVersion = 10.0.40219.1
Project("{FAE04EC0-301F-11D3-BF4B-00C04F79EFBC}") = "CyanobotsGenes", "CyanobotsGenes.csproj", "{63BF2DCF-4243-404B-97EC-FAB5010EB869}"
EndProject
Global
	GlobalSection(SolutionConfigurationPlatforms) = preSolution
		1.5|Any CPU = 1.5|Any CPU
		Debug|Any CPU = Debug|Any CPU
		Release|Any CPU = Release|Any CPU
	EndGlobalSection
	GlobalSection(ProjectConfigurationPlatforms) = postSolution
		{63BF2DCF-4243-404B-97EC-FAB5010EB869}.1.5|Any CPU.ActiveCfg = 1.5|Any CPU
		{63BF2DCF-4243-404B-97EC-FAB5010EB869}.1.5|Any CPU.Build.0 = 1.5|Any CPU
		{63BF2DCF-4243-404B-97EC-FAB5010EB869}.Debug|Any CPU.ActiveCfg = Debug|Any CPU
		{63BF2DCF-4243-404B-97EC-FAB5010EB869}.Debug|Any CPU.Build.0 = Debug|Any CPU
		{63BF2DCF-4243-404B-97EC-FAB5010EB869}.Release|Any CPU.ActiveCfg = Release|Any CPU
		{63BF2DCF-4243-404B-97EC-FAB5010EB869}.Release|Any CPU.Build.0 = Release|Any CPU
	EndGlobalSection
	GlobalSection(SolutionProperties) = preSolution
		HideSolutionNode = FALSE
	EndGlobalSection
	GlobalSection(ExtensibilityGlobals) = postSolution
		SolutionGuid = {B93FDD25-E17E-4A90-A807-9B7334A1511D}
	EndGlobalSection
EndGlobal
